
Microsoft Visual Studio Solution File, Format Version 12.00
# Visual Studio Version 16
VisualStudioVersion = 16.0.32901.82
MinimumVisualStudioVersion = 10.0.40219.1
Project("{FAE04EC0-301F-11D3-BF4B-00C04F79EFBC}") = "Udemy_Projeto_001", "Udemy_Projeto_001.csproj", "{267F58DA-1314-4FB4-8171-57002713DB3B}"
EndProject
Global
	GlobalSection(SolutionConfigurationPlatforms) = preSolution
		Debug|Any CPU = Debug|Any CPU
		Release|Any CPU = Release|Any CPU
	EndGlobalSection
	GlobalSection(ProjectConfigurationPlatforms) = postSolution
		{267F58DA-1314-4FB4-8171-57002713DB3B}.Debug|Any CPU.ActiveCfg = Debug|Any CPU
		{267F58DA-1314-4FB4-8171-57002713DB3B}.Debug|Any CPU.Build.0 = Debug|Any CPU
		{267F58DA-1314-4FB4-8171-57002713DB3B}.Release|Any CPU.ActiveCfg = Release|Any CPU
		{267F58DA-1314-4FB4-8171-57002713DB3B}.Release|Any CPU.Build.0 = Release|Any CPU
	EndGlobalSection
	GlobalSection(SolutionProperties) = preSolution
		HideSolutionNode = FALSE
	EndGlobalSection
	GlobalSection(ExtensibilityGlobals) = postSolution
		SolutionGuid = {884BD757-0789-4DD8-A59F-31F7E4572AB2}
	EndGlobalSection
EndGlobal
