
Microsoft Visual Studio Solution File, Format Version 12.00
# Visual Studio Version 16
VisualStudioVersion = 16.0.32901.82
MinimumVisualStudioVersion = 10.0.40219.1
Project("{FAE04EC0-301F-11D3-BF4B-00C04F79EFBC}") = "Projeto 007", "Projeto 007.csproj", "{F79462D6-6BC0-47E1-82DA-0307BB9E494E}"
EndProject
Global
	GlobalSection(SolutionConfigurationPlatforms) = preSolution
		Debug|Any CPU = Debug|Any CPU
		Release|Any CPU = Release|Any CPU
	EndGlobalSection
	GlobalSection(ProjectConfigurationPlatforms) = postSolution
		{F79462D6-6BC0-47E1-82DA-0307BB9E494E}.Debug|Any CPU.ActiveCfg = Debug|Any CPU
		{F79462D6-6BC0-47E1-82DA-0307BB9E494E}.Debug|Any CPU.Build.0 = Debug|Any CPU
		{F79462D6-6BC0-47E1-82DA-0307BB9E494E}.Release|Any CPU.ActiveCfg = Release|Any CPU
		{F79462D6-6BC0-47E1-82DA-0307BB9E494E}.Release|Any CPU.Build.0 = Release|Any CPU
	EndGlobalSection
	GlobalSection(SolutionProperties) = preSolution
		HideSolutionNode = FALSE
	EndGlobalSection
	GlobalSection(ExtensibilityGlobals) = postSolution
		SolutionGuid = {B071C4CE-5703-4138-BEAC-E6F2C9C05057}
	EndGlobalSection
EndGlobal
