
Microsoft Visual Studio Solution File, Format Version 12.00
# Visual Studio Version 16
VisualStudioVersion = 16.0.32901.82
MinimumVisualStudioVersion = 10.0.40219.1
Project("{FAE04EC0-301F-11D3-BF4B-00C04F79EFBC}") = "Exercício 006", "Exercício 006.csproj", "{3049F76A-7C35-4569-B296-8C89AB13587C}"
EndProject
Global
	GlobalSection(SolutionConfigurationPlatforms) = preSolution
		Debug|Any CPU = Debug|Any CPU
		Release|Any CPU = Release|Any CPU
	EndGlobalSection
	GlobalSection(ProjectConfigurationPlatforms) = postSolution
		{3049F76A-7C35-4569-B296-8C89AB13587C}.Debug|Any CPU.ActiveCfg = Debug|Any CPU
		{3049F76A-7C35-4569-B296-8C89AB13587C}.Debug|Any CPU.Build.0 = Debug|Any CPU
		{3049F76A-7C35-4569-B296-8C89AB13587C}.Release|Any CPU.ActiveCfg = Release|Any CPU
		{3049F76A-7C35-4569-B296-8C89AB13587C}.Release|Any CPU.Build.0 = Release|Any CPU
	EndGlobalSection
	GlobalSection(SolutionProperties) = preSolution
		HideSolutionNode = FALSE
	EndGlobalSection
	GlobalSection(ExtensibilityGlobals) = postSolution
		SolutionGuid = {73852BDB-80D7-4A7D-9CC2-2B810A54AF7B}
	EndGlobalSection
EndGlobal
